// !$*UTF8*$!
{
	archiveVersion = 1;
	classes = {
	};
	objectVersion = 46;
	objects = {

/* Begin PBXBuildFile section */
		2B89F4C41CECB3E800783552 /* AppDelegate.swift in Sources */ = {isa = PBXBuildFile; fileRef = 2B89F4C31CECB3E800783552 /* AppDelegate.swift */; };
		2B89F4C61CECB3E800783552 /* ViewController.swift in Sources */ = {isa = PBXBuildFile; fileRef = 2B89F4C51CECB3E800783552 /* ViewController.swift */; };
		2B89F4C91CECB3E800783552 /* Main.storyboard in Resources */ = {isa = PBXBuildFile; fileRef = 2B89F4C71CECB3E800783552 /* Main.storyboard */; };
		2B89F4CB1CECB3E800783552 /* Assets.xcassets in Resources */ = {isa = PBXBuildFile; fileRef = 2B89F4CA1CECB3E800783552 /* Assets.xcassets */; };
		2B89F4CE1CECB3E800783552 /* LaunchScreen.storyboard in Resources */ = {isa = PBXBuildFile; fileRef = 2B89F4CC1CECB3E800783552 /* LaunchScreen.storyboard */; };
		2B89F4F21CECB4D900783552 /* Brain.swift in Sources */ = {isa = PBXBuildFile; fileRef = 2B89F4F11CECB4D900783552 /* Brain.swift */; };
		2B89F4F41CECB57D00783552 /* BrainTests.swift in Sources */ = {isa = PBXBuildFile; fileRef = 2B89F4F31CECB57D00783552 /* BrainTests.swift */; };
		2B89F4F61CEE215500783552 /* Abv.swift in Sources */ = {isa = PBXBuildFile; fileRef = 2B89F4F51CEE215500783552 /* Abv.swift */; };
		2B89F4F81CEE307C00783552 /* AbvSwitch.swift in Sources */ = {isa = PBXBuildFile; fileRef = 2B89F4F71CEE307C00783552 /* AbvSwitch.swift */; };
/* End PBXBuildFile section */

/* Begin PBXContainerItemProxy section */
		2B89F4D51CECB3E800783552 /* PBXContainerItemProxy */ = {
			isa = PBXContainerItemProxy;
			containerPortal = 2B89F4B81CECB3E800783552 /* Project object */;
			proxyType = 1;
			remoteGlobalIDString = 2B89F4BF1CECB3E800783552;
			remoteInfo = RugbyTimes;
		};
		2B89F4E01CECB3E800783552 /* PBXContainerItemProxy */ = {
			isa = PBXContainerItemProxy;
			containerPortal = 2B89F4B81CECB3E800783552 /* Project object */;
			proxyType = 1;
			remoteGlobalIDString = 2B89F4BF1CECB3E800783552;
			remoteInfo = RugbyTimes;
		};
/* End PBXContainerItemProxy section */

/* Begin PBXFileReference section */
		2B89F4C01CECB3E800783552 /* RugbyTimes.app */ = {isa = PBXFileReference; explicitFileType = wrapper.application; includeInIndex = 0; path = RugbyTimes.app; sourceTree = BUILT_PRODUCTS_DIR; };
		2B89F4C31CECB3E800783552 /* AppDelegate.swift */ = {isa = PBXFileReference; lastKnownFileType = sourcecode.swift; path = AppDelegate.swift; sourceTree = "<group>"; };
		2B89F4C51CECB3E800783552 /* ViewController.swift */ = {isa = PBXFileReference; lastKnownFileType = sourcecode.swift; path = ViewController.swift; sourceTree = "<group>"; };
		2B89F4C81CECB3E800783552 /* Base */ = {isa = PBXFileReference; lastKnownFileType = file.storyboard; name = Base; path = Base.lproj/Main.storyboard; sourceTree = "<group>"; };
		2B89F4CA1CECB3E800783552 /* Assets.xcassets */ = {isa = PBXFileReference; lastKnownFileType = folder.assetcatalog; path = Assets.xcassets; sourceTree = "<group>"; };
		2B89F4CD1CECB3E800783552 /* Base */ = {isa = PBXFileReference; lastKnownFileType = file.storyboard; name = Base; path = Base.lproj/LaunchScreen.storyboard; sourceTree = "<group>"; };
		2B89F4CF1CECB3E800783552 /* Info.plist */ = {isa = PBXFileReference; lastKnownFileType = text.plist.xml; path = Info.plist; sourceTree = "<group>"; };
		2B89F4D41CECB3E800783552 /* RugbyTimesTests.xctest */ = {isa = PBXFileReference; explicitFileType = wrapper.cfbundle; includeInIndex = 0; path = RugbyTimesTests.xctest; sourceTree = BUILT_PRODUCTS_DIR; };
		2B89F4DA1CECB3E800783552 /* Info.plist */ = {isa = PBXFileReference; lastKnownFileType = text.plist.xml; path = Info.plist; sourceTree = "<group>"; };
		2B89F4DF1CECB3E800783552 /* RugbyTimesUITests.xctest */ = {isa = PBXFileReference; explicitFileType = wrapper.cfbundle; includeInIndex = 0; path = RugbyTimesUITests.xctest; sourceTree = BUILT_PRODUCTS_DIR; };
		2B89F4E51CECB3E800783552 /* Info.plist */ = {isa = PBXFileReference; lastKnownFileType = text.plist.xml; path = Info.plist; sourceTree = "<group>"; };
		2B89F4F11CECB4D900783552 /* Brain.swift */ = {isa = PBXFileReference; fileEncoding = 4; lastKnownFileType = sourcecode.swift; path = Brain.swift; sourceTree = "<group>"; };
		2B89F4F31CECB57D00783552 /* BrainTests.swift */ = {isa = PBXFileReference; fileEncoding = 4; lastKnownFileType = sourcecode.swift; path = BrainTests.swift; sourceTree = "<group>"; };
		2B89F4F51CEE215500783552 /* Abv.swift */ = {isa = PBXFileReference; fileEncoding = 4; lastKnownFileType = sourcecode.swift; path = Abv.swift; sourceTree = "<group>"; };
		2B89F4F71CEE307C00783552 /* AbvSwitch.swift */ = {isa = PBXFileReference; fileEncoding = 4; lastKnownFileType = sourcecode.swift; path = AbvSwitch.swift; sourceTree = "<group>"; };
/* End PBXFileReference section */

/* Begin PBXFrameworksBuildPhase section */
		2B89F4BD1CECB3E800783552 /* Frameworks */ = {
			isa = PBXFrameworksBuildPhase;
			buildActionMask = 2147483647;
			files = (
			);
			runOnlyForDeploymentPostprocessing = 0;
		};
		2B89F4D11CECB3E800783552 /* Frameworks */ = {
			isa = PBXFrameworksBuildPhase;
			buildActionMask = 2147483647;
			files = (
			);
			runOnlyForDeploymentPostprocessing = 0;
		};
		2B89F4DC1CECB3E800783552 /* Frameworks */ = {
			isa = PBXFrameworksBuildPhase;
			buildActionMask = 2147483647;
			files = (
			);
			runOnlyForDeploymentPostprocessing = 0;
		};
/* End PBXFrameworksBuildPhase section */

/* Begin PBXGroup section */
		2B89F4B71CECB3E800783552 = {
			isa = PBXGroup;
			children = (
				2B89F4C21CECB3E800783552 /* RugbyTimes */,
				2B89F4D71CECB3E800783552 /* RugbyTimesTests */,
				2B89F4E21CECB3E800783552 /* RugbyTimesUITests */,
				2B89F4C11CECB3E800783552 /* Products */,
			);
			sourceTree = "<group>";
		};
		2B89F4C11CECB3E800783552 /* Products */ = {
			isa = PBXGroup;
			children = (
				2B89F4C01CECB3E800783552 /* RugbyTimes.app */,
				2B89F4D41CECB3E800783552 /* RugbyTimesTests.xctest */,
				2B89F4DF1CECB3E800783552 /* RugbyTimesUITests.xctest */,
			);
			name = Products;
			sourceTree = "<group>";
		};
		2B89F4C21CECB3E800783552 /* RugbyTimes */ = {
			isa = PBXGroup;
			children = (
				2B89F4C31CECB3E800783552 /* AppDelegate.swift */,
				2B89F4C51CECB3E800783552 /* ViewController.swift */,
				2B89F4C71CECB3E800783552 /* Main.storyboard */,
				2B89F4CA1CECB3E800783552 /* Assets.xcassets */,
				2B89F4CC1CECB3E800783552 /* LaunchScreen.storyboard */,
				2B89F4CF1CECB3E800783552 /* Info.plist */,
				2B89F4F11CECB4D900783552 /* Brain.swift */,
				2B89F4F51CEE215500783552 /* Abv.swift */,
				2B89F4F71CEE307C00783552 /* AbvSwitch.swift */,
			);
			path = RugbyTimes;
			sourceTree = "<group>";
		};
		2B89F4D71CECB3E800783552 /* RugbyTimesTests */ = {
			isa = PBXGroup;
			children = (
				2B89F4DA1CECB3E800783552 /* Info.plist */,
				2B89F4F31CECB57D00783552 /* BrainTests.swift */,
			);
			path = RugbyTimesTests;
			sourceTree = "<group>";
		};
		2B89F4E21CECB3E800783552 /* RugbyTimesUITests */ = {
			isa = PBXGroup;
			children = (
				2B89F4E51CECB3E800783552 /* Info.plist */,
			);
			path = RugbyTimesUITests;
			sourceTree = "<group>";
		};
/* End PBXGroup section */

/* Begin PBXNativeTarget section */
		2B89F4BF1CECB3E800783552 /* RugbyTimes */ = {
			isa = PBXNativeTarget;
			buildConfigurationList = 2B89F4E81CECB3E800783552 /* Build configuration list for PBXNativeTarget "RugbyTimes" */;
			buildPhases = (
				2B89F4BC1CECB3E800783552 /* Sources */,
				2B89F4BD1CECB3E800783552 /* Frameworks */,
				2B89F4BE1CECB3E800783552 /* Resources */,
			);
			buildRules = (
			);
			dependencies = (
			);
			name = RugbyTimes;
			productName = RugbyTimes;
			productReference = 2B89F4C01CECB3E800783552 /* RugbyTimes.app */;
			productType = "com.apple.product-type.application";
		};
		2B89F4D31CECB3E800783552 /* RugbyTimesTests */ = {
			isa = PBXNativeTarget;
			buildConfigurationList = 2B89F4EB1CECB3E800783552 /* Build configuration list for PBXNativeTarget "RugbyTimesTests" */;
			buildPhases = (
				2B89F4D01CECB3E800783552 /* Sources */,
				2B89F4D11CECB3E800783552 /* Frameworks */,
				2B89F4D21CECB3E800783552 /* Resources */,
			);
			buildRules = (
			);
			dependencies = (
				2B89F4D61CECB3E800783552 /* PBXTargetDependency */,
			);
			name = RugbyTimesTests;
			productName = RugbyTimesTests;
			productReference = 2B89F4D41CECB3E800783552 /* RugbyTimesTests.xctest */;
			productType = "com.apple.product-type.bundle.unit-test";
		};
		2B89F4DE1CECB3E800783552 /* RugbyTimesUITests */ = {
			isa = PBXNativeTarget;
			buildConfigurationList = 2B89F4EE1CECB3E800783552 /* Build configuration list for PBXNativeTarget "RugbyTimesUITests" */;
			buildPhases = (
				2B89F4DB1CECB3E800783552 /* Sources */,
				2B89F4DC1CECB3E800783552 /* Frameworks */,
				2B89F4DD1CECB3E800783552 /* Resources */,
			);
			buildRules = (
			);
			dependencies = (
				2B89F4E11CECB3E800783552 /* PBXTargetDependency */,
			);
			name = RugbyTimesUITests;
			productName = RugbyTimesUITests;
			productReference = 2B89F4DF1CECB3E800783552 /* RugbyTimesUITests.xctest */;
			productType = "com.apple.product-type.bundle.ui-testing";
		};
/* End PBXNativeTarget section */

/* Begin PBXProject section */
		2B89F4B81CECB3E800783552 /* Project object */ = {
			isa = PBXProject;
			attributes = {
				LastSwiftUpdateCheck = 0730;
				LastUpgradeCheck = 0730;
				ORGANIZATIONNAME = "Drew Bigelow";
				TargetAttributes = {
					2B89F4BF1CECB3E800783552 = {
						CreatedOnToolsVersion = 7.3;
					};
					2B89F4D31CECB3E800783552 = {
						CreatedOnToolsVersion = 7.3;
						TestTargetID = 2B89F4BF1CECB3E800783552;
					};
					2B89F4DE1CECB3E800783552 = {
						CreatedOnToolsVersion = 7.3;
						TestTargetID = 2B89F4BF1CECB3E800783552;
					};
				};
			};
			buildConfigurationList = 2B89F4BB1CECB3E800783552 /* Build configuration list for PBXProject "RugbyTimes" */;
			compatibilityVersion = "Xcode 3.2";
			developmentRegion = English;
			hasScannedForEncodings = 0;
			knownRegions = (
				en,
				Base,
			);
			mainGroup = 2B89F4B71CECB3E800783552;
			productRefGroup = 2B89F4C11CECB3E800783552 /* Products */;
			projectDirPath = "";
			projectRoot = "";
			targets = (
				2B89F4BF1CECB3E800783552 /* RugbyTimes */,
				2B89F4D31CECB3E800783552 /* RugbyTimesTests */,
				2B89F4DE1CECB3E800783552 /* RugbyTimesUITests */,
			);
		};
/* End PBXProject section */

/* Begin PBXResourcesBuildPhase section */
		2B89F4BE1CECB3E800783552 /* Resources */ = {
			isa = PBXResourcesBuildPhase;
			buildActionMask = 2147483647;
			files = (
				2B89F4CE1CECB3E800783552 /* LaunchScreen.storyboard in Resources */,
				2B89F4CB1CECB3E800783552 /* Assets.xcassets in Resources */,
				2B89F4C91CECB3E800783552 /* Main.storyboard in Resources */,
			);
			runOnlyForDeploymentPostprocessing = 0;
		};
		2B89F4D21CECB3E800783552 /* Resources */ = {
			isa = PBXResourcesBuildPhase;
			buildActionMask = 2147483647;
			files = (
			);
			runOnlyForDeploymentPostprocessing = 0;
		};
		2B89F4DD1CECB3E800783552 /* Resources */ = {
			isa = PBXResourcesBuildPhase;
			buildActionMask = 2147483647;
			files = (
			);
			runOnlyForDeploymentPostprocessing = 0;
		};
/* End PBXResourcesBuildPhase section */

/* Begin PBXSourcesBuildPhase section */
		2B89F4BC1CECB3E800783552 /* Sources */ = {
			isa = PBXSourcesBuildPhase;
			buildActionMask = 2147483647;
			files = (
				2B89F4F81CEE307C00783552 /* AbvSwitch.swift in Sources */,
				2B89F4C61CECB3E800783552 /* ViewController.swift in Sources */,
				2B89F4F61CEE215500783552 /* Abv.swift in Sources */,
				2B89F4F21CECB4D900783552 /* Brain.swift in Sources */,
				2B89F4C41CECB3E800783552 /* AppDelegate.swift in Sources */,
			);
			runOnlyForDeploymentPostprocessing = 0;
		};
		2B89F4D01CECB3E800783552 /* Sources */ = {
			isa = PBXSourcesBuildPhase;
			buildActionMask = 2147483647;
			files = (
				2B89F4F41CECB57D00783552 /* BrainTests.swift in Sources */,
			);
			runOnlyForDeploymentPostprocessing = 0;
		};
		2B89F4DB1CECB3E800783552 /* Sources */ = {
			isa = PBXSourcesBuildPhase;
			buildActionMask = 2147483647;
			files = (
			);
			runOnlyForDeploymentPostprocessing = 0;
		};
/* End PBXSourcesBuildPhase section */

/* Begin PBXTargetDependency section */
		2B89F4D61CECB3E800783552 /* PBXTargetDependency */ = {
			isa = PBXTargetDependency;
			target = 2B89F4BF1CECB3E800783552 /* RugbyTimes */;
			targetProxy = 2B89F4D51CECB3E800783552 /* PBXContainerItemProxy */;
		};
		2B89F4E11CECB3E800783552 /* PBXTargetDependency */ = {
			isa = PBXTargetDependency;
			target = 2B89F4BF1CECB3E800783552 /* RugbyTimes */;
			targetProxy = 2B89F4E01CECB3E800783552 /* PBXContainerItemProxy */;
		};
/* End PBXTargetDependency section */

/* Begin PBXVariantGroup section */
		2B89F4C71CECB3E800783552 /* Main.storyboard */ = {
			isa = PBXVariantGroup;
			children = (
				2B89F4C81CECB3E800783552 /* Base */,
			);
			name = Main.storyboard;
			sourceTree = "<group>";
		};
		2B89F4CC1CECB3E800783552 /* LaunchScreen.storyboard */ = {
			isa = PBXVariantGroup;
			children = (
				2B89F4CD1CECB3E800783552 /* Base */,
			);
			name = LaunchScreen.storyboard;
			sourceTree = "<group>";
		};
/* End PBXVariantGroup section */

/* Begin XCBuildConfiguration section */
		2B89F4E61CECB3E800783552 /* Debug */ = {
			isa = XCBuildConfiguration;
			buildSettings = {
				ALWAYS_SEARCH_USER_PATHS = NO;
				CLANG_ANALYZER_NONNULL = YES;
				CLANG_CXX_LANGUAGE_STANDARD = "gnu++0x";
				CLANG_CXX_LIBRARY = "libc++";
				CLANG_ENABLE_MODULES = YES;
				CLANG_ENABLE_OBJC_ARC = YES;
				CLANG_WARN_BOOL_CONVERSION = YES;
				CLANG_WARN_CONSTANT_CONVERSION = YES;
				CLANG_WARN_DIRECT_OBJC_ISA_USAGE = YES_ERROR;
				CLANG_WARN_EMPTY_BODY = YES;
				CLANG_WARN_ENUM_CONVERSION = YES;
				CLANG_WARN_INT_CONVERSION = YES;
				CLANG_WARN_OBJC_ROOT_CLASS = YES_ERROR;
				CLANG_WARN_UNREACHABLE_CODE = YES;
				CLANG_WARN__DUPLICATE_METHOD_MATCH = YES;
				"CODE_SIGN_IDENTITY[sdk=iphoneos*]" = "iPhone Developer";
				COPY_PHASE_STRIP = NO;
				DEBUG_INFORMATION_FORMAT = dwarf;
				ENABLE_STRICT_OBJC_MSGSEND = YES;
				ENABLE_TESTABILITY = YES;
				GCC_C_LANGUAGE_STANDARD = gnu99;
				GCC_DYNAMIC_NO_PIC = NO;
				GCC_NO_COMMON_BLOCKS = YES;
				GCC_OPTIMIZATION_LEVEL = 0;
				GCC_PREPROCESSOR_DEFINITIONS = (
					"DEBUG=1",
					"$(inherited)",
				);
				GCC_WARN_64_TO_32_BIT_CONVERSION = YES;
				GCC_WARN_ABOUT_RETURN_TYPE = YES_ERROR;
				GCC_WARN_UNDECLARED_SELECTOR = YES;
				GCC_WARN_UNINITIALIZED_AUTOS = YES_AGGRESSIVE;
				GCC_WARN_UNUSED_FUNCTION = YES;
				GCC_WARN_UNUSED_VARIABLE = YES;
				IPHONEOS_DEPLOYMENT_TARGET = 9.3;
				MTL_ENABLE_DEBUG_INFO = YES;
				ONLY_ACTIVE_ARCH = YES;
				SDKROOT = iphoneos;
				SWIFT_OPTIMIZATION_LEVEL = "-Onone";
				TARGETED_DEVICE_FAMILY = "1,2";
			};
			name = Debug;
		};
		2B89F4E71CECB3E800783552 /* Release */ = {
			isa = XCBuildConfiguration;
			buildSettings = {
				ALWAYS_SEARCH_USER_PATHS = NO;
				CLANG_ANALYZER_NONNULL = YES;
				CLANG_CXX_LANGUAGE_STANDARD = "gnu++0x";
				CLANG_CXX_LIBRARY = "libc++";
				CLANG_ENABLE_MODULES = YES;
				CLANG_ENABLE_OBJC_ARC = YES;
				CLANG_WARN_BOOL_CONVERSION = YES;
				CLANG_WARN_CONSTANT_CONVERSION = YES;
				CLANG_WARN_DIRECT_OBJC_ISA_USAGE = YES_ERROR;
				CLANG_WARN_EMPTY_BODY = YES;
				CLANG_WARN_ENUM_CONVERSION = YES;
				CLANG_WARN_INT_CONVERSION = YES;
				CLANG_WARN_OBJC_ROOT_CLASS = YES_ERROR;
				CLANG_WARN_UNREACHABLE_CODE = YES;
				CLANG_WARN__DUPLICATE_METHOD_MATCH = YES;
				"CODE_SIGN_IDENTITY[sdk=iphoneos*]" = "iPhone Developer";
				COPY_PHASE_STRIP = NO;
				DEBUG_INFORMATION_FORMAT = "dwarf-with-dsym";
				ENABLE_NS_ASSERTIONS = NO;
				ENABLE_STRICT_OBJC_MSGSEND = YES;
				GCC_C_LANGUAGE_STANDARD = gnu99;
				GCC_NO_COMMON_BLOCKS = YES;
				GCC_WARN_64_TO_32_BIT_CONVERSION = YES;
				GCC_WARN_ABOUT_RETURN_TYPE = YES_ERROR;
				GCC_WARN_UNDECLARED_SELECTOR = YES;
				GCC_WARN_UNINITIALIZED_AUTOS = YES_AGGRESSIVE;
				GCC_WARN_UNUSED_FUNCTION = YES;
				GCC_WARN_UNUSED_VARIABLE = YES;
				IPHONEOS_DEPLOYMENT_TARGET = 9.3;
				MTL_ENABLE_DEBUG_INFO = NO;
				SDKROOT = iphoneos;
				TARGETED_DEVICE_FAMILY = "1,2";
				VALIDATE_PRODUCT = YES;
			};
			name = Release;
		};
		2B89F4E91CECB3E800783552 /* Debug */ = {
			isa = XCBuildConfiguration;
			buildSettings = {
				ASSETCATALOG_COMPILER_APPICON_NAME = AppIcon;
				INFOPLIST_FILE = RugbyTimes/Info.plist;
				LD_RUNPATH_SEARCH_PATHS = "$(inherited) @executable_path/Frameworks";
				PRODUCT_BUNDLE_IDENTIFIER = "com.Drew-Bigelow.RugbyTimes";
				PRODUCT_NAME = "$(TARGET_NAME)";
			};
			name = Debug;
		};
		2B89F4EA1CECB3E800783552 /* Release */ = {
			isa = XCBuildConfiguration;
			buildSettings = {
				ASSETCATALOG_COMPILER_APPICON_NAME = AppIcon;
				INFOPLIST_FILE = RugbyTimes/Info.plist;
				LD_RUNPATH_SEARCH_PATHS = "$(inherited) @executable_path/Frameworks";
				PRODUCT_BUNDLE_IDENTIFIER = "com.Drew-Bigelow.RugbyTimes";
				PRODUCT_NAME = "$(TARGET_NAME)";
			};
			name = Release;
		};
		2B89F4EC1CECB3E800783552 /* Debug */ = {
			isa = XCBuildConfiguration;
			buildSettings = {
				BUNDLE_LOADER = "$(TEST_HOST)";
				CLANG_ENABLE_MODULES = YES;
				INFOPLIST_FILE = RugbyTimesTests/Info.plist;
				LD_RUNPATH_SEARCH_PATHS = "$(inherited) @executable_path/Frameworks @loader_path/Frameworks";
				PRODUCT_BUNDLE_IDENTIFIER = "com.Drew-Bigelow.RugbyTimesTests";
				PRODUCT_NAME = "$(TARGET_NAME)";
				SWIFT_OPTIMIZATION_LEVEL = "-Onone";
				TEST_HOST = "$(BUILT_PRODUCTS_DIR)/RugbyTimes.app/RugbyTimes";
			};
			name = Debug;
		};
		2B89F4ED1CECB3E800783552 /* Release */ = {
			isa = XCBuildConfiguration;
			buildSettings = {
				BUNDLE_LOADER = "$(TEST_HOST)";
				CLANG_ENABLE_MODULES = YES;
				INFOPLIST_FILE = RugbyTimesTests/Info.plist;
				LD_RUNPATH_SEARCH_PATHS = "$(inherited) @executable_path/Frameworks @loader_path/Frameworks";
				PRODUCT_BUNDLE_IDENTIFIER = "com.Drew-Bigelow.RugbyTimesTests";
				PRODUCT_NAME = "$(TARGET_NAME)";
				TEST_HOST = "$(BUILT_PRODUCTS_DIR)/RugbyTimes.app/RugbyTimes";
			};
			name = Release;
		};
		2B89F4EF1CECB3E800783552 /* Debug */ = {
			isa = XCBuildConfiguration;
			buildSettings = {
				INFOPLIST_FILE = RugbyTimesUITests/Info.plist;
				LD_RUNPATH_SEARCH_PATHS = "$(inherited) @executable_path/Frameworks @loader_path/Frameworks";
				PRODUCT_BUNDLE_IDENTIFIER = "com.Drew-Bigelow.RugbyTimesUITests";
				PRODUCT_NAME = "$(TARGET_NAME)";
				TEST_TARGET_NAME = RugbyTimes;
			};
			name = Debug;
		};
		2B89F4F01CECB3E800783552 /* Release */ = {
			isa = XCBuildConfiguration;
			buildSettings = {
				INFOPLIST_FILE = RugbyTimesUITests/Info.plist;
				LD_RUNPATH_SEARCH_PATHS = "$(inherited) @executable_path/Frameworks @loader_path/Frameworks";
				PRODUCT_BUNDLE_IDENTIFIER = "com.Drew-Bigelow.RugbyTimesUITests";
				PRODUCT_NAME = "$(TARGET_NAME)";
				TEST_TARGET_NAME = RugbyTimes;
			};
			name = Release;
		};
/* End XCBuildConfiguration section */

/* Begin XCConfigurationList section */
		2B89F4BB1CECB3E800783552 /* Build configuration list for PBXProject "RugbyTimes" */ = {
			isa = XCConfigurationList;
			buildConfigurations = (
				2B89F4E61CECB3E800783552 /* Debug */,
				2B89F4E71CECB3E800783552 /* Release */,
			);
			defaultConfigurationIsVisible = 0;
			defaultConfigurationName = Release;
		};
		2B89F4E81CECB3E800783552 /* Build configuration list for PBXNativeTarget "RugbyTimes" */ = {
			isa = XCConfigurationList;
			buildConfigurations = (
				2B89F4E91CECB3E800783552 /* Debug */,
				2B89F4EA1CECB3E800783552 /* Release */,
			);
			defaultConfigurationIsVisible = 0;
		};
		2B89F4EB1CECB3E800783552 /* Build configuration list for PBXNativeTarget "RugbyTimesTests" */ = {
			isa = XCConfigurationList;
			buildConfigurations = (
				2B89F4EC1CECB3E800783552 /* Debug */,
				2B89F4ED1CECB3E800783552 /* Release */,
			);
			defaultConfigurationIsVisible = 0;
		};
		2B89F4EE1CECB3E800783552 /* Build configuration list for PBXNativeTarget "RugbyTimesUITests" */ = {
			isa = XCConfigurationList;
			buildConfigurations = (
				2B89F4EF1CECB3E800783552 /* Debug */,
				2B89F4F01CECB3E800783552 /* Release */,
			);
			defaultConfigurationIsVisible = 0;
		};
/* End XCConfigurationList section */
	};
	rootObject = 2B89F4B81CECB3E800783552 /* Project object */;
}
